
Microsoft Visual Studio Solution File, Format Version 12.00
# Visual Studio Version 16
VisualStudioVersion = 16.0.31229.75
MinimumVisualStudioVersion = 10.0.40219.1
Project("{FAE04EC0-301F-11D3-BF4B-00C04F79EFBC}") = "StringSomething", "StringSomething\StringSomething.csproj", "{49E74314-E469-4C29-B0DD-5A2CDE6EC8FB}"
EndProject
Project("{FAE04EC0-301F-11D3-BF4B-00C04F79EFBC}") = "TestProject1", "TestProject1\TestProject1.csproj", "{E9E5FAC8-86B9-464E-9B45-146ABE4711A2}"
	ProjectSection(ProjectDependencies) = postProject
		{49E74314-E469-4C29-B0DD-5A2CDE6EC8FB} = {49E74314-E469-4C29-B0DD-5A2CDE6EC8FB}
	EndProjectSection
EndProject
Global
	GlobalSection(SolutionConfigurationPlatforms) = preSolution
		Debug|Any CPU = Debug|Any CPU
		Release|Any CPU = Release|Any CPU
	EndGlobalSection
	GlobalSection(ProjectConfigurationPlatforms) = postSolution
		{49E74314-E469-4C29-B0DD-5A2CDE6EC8FB}.Debug|Any CPU.ActiveCfg = Debug|Any CPU
		{49E74314-E469-4C29-B0DD-5A2CDE6EC8FB}.Debug|Any CPU.Build.0 = Debug|Any CPU
		{49E74314-E469-4C29-B0DD-5A2CDE6EC8FB}.Release|Any CPU.ActiveCfg = Release|Any CPU
		{49E74314-E469-4C29-B0DD-5A2CDE6EC8FB}.Release|Any CPU.Build.0 = Release|Any CPU
		{E9E5FAC8-86B9-464E-9B45-146ABE4711A2}.Debug|Any CPU.ActiveCfg = Debug|Any CPU
		{E9E5FAC8-86B9-464E-9B45-146ABE4711A2}.Debug|Any CPU.Build.0 = Debug|Any CPU
		{E9E5FAC8-86B9-464E-9B45-146ABE4711A2}.Release|Any CPU.ActiveCfg = Release|Any CPU
		{E9E5FAC8-86B9-464E-9B45-146ABE4711A2}.Release|Any CPU.Build.0 = Release|Any CPU
	EndGlobalSection
	GlobalSection(SolutionProperties) = preSolution
		HideSolutionNode = FALSE
	EndGlobalSection
	GlobalSection(ExtensibilityGlobals) = postSolution
		SolutionGuid = {99C1B025-80A3-4D9B-94C2-F79EFAB622D3}
	EndGlobalSection
EndGlobal
